
Microsoft Visual Studio Solution File, Format Version 10.00
# Visual Studio 2008
Project("{8BC9CEB8-8B4A-11D0-8D11-00A0C91BC942}") = "4_3_Bit", "4_3_Bit.vcproj", "{65752603-6B82-42E0-B5FB-010411E3DA2E}"
EndProject
Global
	GlobalSection(SolutionConfigurationPlatforms) = preSolution
		Debug|Win32 = Debug|Win32
		Release|Win32 = Release|Win32
	EndGlobalSection
	GlobalSection(ProjectConfigurationPlatforms) = postSolution
		{65752603-6B82-42E0-B5FB-010411E3DA2E}.Debug|Win32.ActiveCfg = Debug|Win32
		{65752603-6B82-42E0-B5FB-010411E3DA2E}.Debug|Win32.Build.0 = Debug|Win32
		{65752603-6B82-42E0-B5FB-010411E3DA2E}.Release|Win32.ActiveCfg = Release|Win32
		{65752603-6B82-42E0-B5FB-010411E3DA2E}.Release|Win32.Build.0 = Release|Win32
	EndGlobalSection
	GlobalSection(SolutionProperties) = preSolution
		HideSolutionNode = FALSE
	EndGlobalSection
EndGlobal
